
Microsoft Visual Studio Solution File, Format Version 12.00
# Visual Studio Version 17
VisualStudioVersion = 17.10.34916.146
MinimumVisualStudioVersion = 10.0.40219.1
Project("{2150E333-8FDC-42A3-9474-1A3956D46DE8}") = "Front", "Front", "{DC095FA7-2A4D-4457-BD9D-315CC5745A8A}"
EndProject
Project("{2150E333-8FDC-42A3-9474-1A3956D46DE8}") = "Core", "Core", "{78AE0017-D3D2-4844-B4E2-57FD0849BA3E}"
EndProject
Project("{9A19103F-16F7-4668-BE54-9A1E7A4F7556}") = "MageekMobile", "Apps\MageekMaui\MageekMobile.csproj", "{7926FA2A-BF81-4F21-95BB-080C241E486A}"
EndProject
Project("{9A19103F-16F7-4668-BE54-9A1E7A4F7556}") = "PlaziatTools", "Core\PlaziatTools\PlaziatTools.csproj", "{A20D3989-7063-41BC-873C-CD01138F12A8}"
EndProject
Project("{9A19103F-16F7-4668-BE54-9A1E7A4F7556}") = "MageekCore", "Core\MageekCore\MageekCore.csproj", "{DF06E814-EC45-4145-A32F-B7992FA6D9DF}"
EndProject
Project("{9A19103F-16F7-4668-BE54-9A1E7A4F7556}") = "MageekServer", "Core\MageekServer\MageekServer.csproj", "{EBBF7197-A676-42FE-83D5-449F0BF5FEC4}"
EndProject
Project("{9A19103F-16F7-4668-BE54-9A1E7A4F7556}") = "MageekClient", "Core\MageekClient\MageekClient.csproj", "{436A0858-2A35-47E7-8004-11060F36C590}"
EndProject
Project("{9A19103F-16F7-4668-BE54-9A1E7A4F7556}") = "PlaziatWpf", "PlaziatWpfLibrary\PlaziatWpf.csproj", "{75944DC2-980E-4AD0-84C5-4F8F960BF933}"
EndProject
Project("{2150E333-8FDC-42A3-9474-1A3956D46DE8}") = "Back", "Back", "{4C9A9DD0-3808-4D1A-AA44-F8F7A42560F0}"
EndProject
Project("{9A19103F-16F7-4668-BE54-9A1E7A4F7556}") = "MageekDesktop", "Apps\MageekWpf\MageekDesktop.csproj", "{5011F760-8C0D-4CC4-99A1-3840ED254DE5}"
EndProject
Project("{9A19103F-16F7-4668-BE54-9A1E7A4F7556}") = "PlaziatIdentity", "Core\PlaziatIdentity\PlaziatIdentity.csproj", "{1C812963-CF58-4856-A7DE-7AAAC937D5EF}"
EndProject
Project("{9A19103F-16F7-4668-BE54-9A1E7A4F7556}") = "MageekDesktopServer", "MageekDesktopServer\MageekDesktopServer.csproj", "{0D5415E2-7899-4E11-A6C8-D8BE5755D528}"
EndProject
Project("{2150E333-8FDC-42A3-9474-1A3956D46DE8}") = "Setup", "Setup", "{527BA0BD-0C9F-4205-8AE6-53E4EEF59B5E}"
EndProject
Project("{54435603-DBB4-11D2-8724-00A0C9A8B90C}") = "MageekSetup", "MageekSetup\MageekSetup.vdproj", "{AEBE2E9E-9602-4292-B125-132C4247355C}"
EndProject
Global
	GlobalSection(SolutionConfigurationPlatforms) = preSolution
		Debug|Any CPU = Debug|Any CPU
		Debug|x86 = Debug|x86
		Release|Any CPU = Release|Any CPU
		Release|x86 = Release|x86
	EndGlobalSection
	GlobalSection(ProjectConfigurationPlatforms) = postSolution
		{7926FA2A-BF81-4F21-95BB-080C241E486A}.Debug|Any CPU.ActiveCfg = Debug|Any CPU
		{7926FA2A-BF81-4F21-95BB-080C241E486A}.Debug|Any CPU.Build.0 = Debug|Any CPU
		{7926FA2A-BF81-4F21-95BB-080C241E486A}.Debug|Any CPU.Deploy.0 = Debug|Any CPU
		{7926FA2A-BF81-4F21-95BB-080C241E486A}.Debug|x86.ActiveCfg = Debug|Any CPU
		{7926FA2A-BF81-4F21-95BB-080C241E486A}.Debug|x86.Build.0 = Debug|Any CPU
		{7926FA2A-BF81-4F21-95BB-080C241E486A}.Debug|x86.Deploy.0 = Debug|Any CPU
		{7926FA2A-BF81-4F21-95BB-080C241E486A}.Release|Any CPU.ActiveCfg = Release|Any CPU
		{7926FA2A-BF81-4F21-95BB-080C241E486A}.Release|Any CPU.Build.0 = Release|Any CPU
		{7926FA2A-BF81-4F21-95BB-080C241E486A}.Release|Any CPU.Deploy.0 = Release|Any CPU
		{7926FA2A-BF81-4F21-95BB-080C241E486A}.Release|x86.ActiveCfg = Release|Any CPU
		{7926FA2A-BF81-4F21-95BB-080C241E486A}.Release|x86.Build.0 = Release|Any CPU
		{7926FA2A-BF81-4F21-95BB-080C241E486A}.Release|x86.Deploy.0 = Release|Any CPU
		{A20D3989-7063-41BC-873C-CD01138F12A8}.Debug|Any CPU.ActiveCfg = Debug|Any CPU
		{A20D3989-7063-41BC-873C-CD01138F12A8}.Debug|Any CPU.Build.0 = Debug|Any CPU
		{A20D3989-7063-41BC-873C-CD01138F12A8}.Debug|x86.ActiveCfg = Debug|Any CPU
		{A20D3989-7063-41BC-873C-CD01138F12A8}.Debug|x86.Build.0 = Debug|Any CPU
		{A20D3989-7063-41BC-873C-CD01138F12A8}.Release|Any CPU.ActiveCfg = Release|Any CPU
		{A20D3989-7063-41BC-873C-CD01138F12A8}.Release|Any CPU.Build.0 = Release|Any CPU
		{A20D3989-7063-41BC-873C-CD01138F12A8}.Release|x86.ActiveCfg = Release|Any CPU
		{A20D3989-7063-41BC-873C-CD01138F12A8}.Release|x86.Build.0 = Release|Any CPU
		{DF06E814-EC45-4145-A32F-B7992FA6D9DF}.Debug|Any CPU.ActiveCfg = Debug|Any CPU
		{DF06E814-EC45-4145-A32F-B7992FA6D9DF}.Debug|Any CPU.Build.0 = Debug|Any CPU
		{DF06E814-EC45-4145-A32F-B7992FA6D9DF}.Debug|x86.ActiveCfg = Debug|Any CPU
		{DF06E814-EC45-4145-A32F-B7992FA6D9DF}.Debug|x86.Build.0 = Debug|Any CPU
		{DF06E814-EC45-4145-A32F-B7992FA6D9DF}.Release|Any CPU.ActiveCfg = Release|Any CPU
		{DF06E814-EC45-4145-A32F-B7992FA6D9DF}.Release|Any CPU.Build.0 = Release|Any CPU
		{DF06E814-EC45-4145-A32F-B7992FA6D9DF}.Release|x86.ActiveCfg = Release|Any CPU
		{DF06E814-EC45-4145-A32F-B7992FA6D9DF}.Release|x86.Build.0 = Release|Any CPU
		{EBBF7197-A676-42FE-83D5-449F0BF5FEC4}.Debug|Any CPU.ActiveCfg = Debug|Any CPU
		{EBBF7197-A676-42FE-83D5-449F0BF5FEC4}.Debug|Any CPU.Build.0 = Debug|Any CPU
		{EBBF7197-A676-42FE-83D5-449F0BF5FEC4}.Debug|x86.ActiveCfg = Debug|Any CPU
		{EBBF7197-A676-42FE-83D5-449F0BF5FEC4}.Debug|x86.Build.0 = Debug|Any CPU
		{EBBF7197-A676-42FE-83D5-449F0BF5FEC4}.Release|Any CPU.ActiveCfg = Release|Any CPU
		{EBBF7197-A676-42FE-83D5-449F0BF5FEC4}.Release|Any CPU.Build.0 = Release|Any CPU
		{EBBF7197-A676-42FE-83D5-449F0BF5FEC4}.Release|x86.ActiveCfg = Release|Any CPU
		{EBBF7197-A676-42FE-83D5-449F0BF5FEC4}.Release|x86.Build.0 = Release|Any CPU
		{436A0858-2A35-47E7-8004-11060F36C590}.Debug|Any CPU.ActiveCfg = Debug|Any CPU
		{436A0858-2A35-47E7-8004-11060F36C590}.Debug|Any CPU.Build.0 = Debug|Any CPU
		{436A0858-2A35-47E7-8004-11060F36C590}.Debug|x86.ActiveCfg = Debug|Any CPU
		{436A0858-2A35-47E7-8004-11060F36C590}.Debug|x86.Build.0 = Debug|Any CPU
		{436A0858-2A35-47E7-8004-11060F36C590}.Release|Any CPU.ActiveCfg = Release|Any CPU
		{436A0858-2A35-47E7-8004-11060F36C590}.Release|Any CPU.Build.0 = Release|Any CPU
		{436A0858-2A35-47E7-8004-11060F36C590}.Release|x86.ActiveCfg = Release|Any CPU
		{436A0858-2A35-47E7-8004-11060F36C590}.Release|x86.Build.0 = Release|Any CPU
		{75944DC2-980E-4AD0-84C5-4F8F960BF933}.Debug|Any CPU.ActiveCfg = Debug|Any CPU
		{75944DC2-980E-4AD0-84C5-4F8F960BF933}.Debug|Any CPU.Build.0 = Debug|Any CPU
		{75944DC2-980E-4AD0-84C5-4F8F960BF933}.Debug|x86.ActiveCfg = Debug|Any CPU
		{75944DC2-980E-4AD0-84C5-4F8F960BF933}.Debug|x86.Build.0 = Debug|Any CPU
		{75944DC2-980E-4AD0-84C5-4F8F960BF933}.Release|Any CPU.ActiveCfg = Release|Any CPU
		{75944DC2-980E-4AD0-84C5-4F8F960BF933}.Release|Any CPU.Build.0 = Release|Any CPU
		{75944DC2-980E-4AD0-84C5-4F8F960BF933}.Release|x86.ActiveCfg = Release|Any CPU
		{75944DC2-980E-4AD0-84C5-4F8F960BF933}.Release|x86.Build.0 = Release|Any CPU
		{5011F760-8C0D-4CC4-99A1-3840ED254DE5}.Debug|Any CPU.ActiveCfg = Debug|Any CPU
		{5011F760-8C0D-4CC4-99A1-3840ED254DE5}.Debug|Any CPU.Build.0 = Debug|Any CPU
		{5011F760-8C0D-4CC4-99A1-3840ED254DE5}.Debug|x86.ActiveCfg = Debug|Any CPU
		{5011F760-8C0D-4CC4-99A1-3840ED254DE5}.Debug|x86.Build.0 = Debug|Any CPU
		{5011F760-8C0D-4CC4-99A1-3840ED254DE5}.Release|Any CPU.ActiveCfg = Release|Any CPU
		{5011F760-8C0D-4CC4-99A1-3840ED254DE5}.Release|Any CPU.Build.0 = Release|Any CPU
		{5011F760-8C0D-4CC4-99A1-3840ED254DE5}.Release|x86.ActiveCfg = Release|Any CPU
		{5011F760-8C0D-4CC4-99A1-3840ED254DE5}.Release|x86.Build.0 = Release|Any CPU
		{1C812963-CF58-4856-A7DE-7AAAC937D5EF}.Debug|Any CPU.ActiveCfg = Debug|Any CPU
		{1C812963-CF58-4856-A7DE-7AAAC937D5EF}.Debug|Any CPU.Build.0 = Debug|Any CPU
		{1C812963-CF58-4856-A7DE-7AAAC937D5EF}.Debug|x86.ActiveCfg = Debug|Any CPU
		{1C812963-CF58-4856-A7DE-7AAAC937D5EF}.Debug|x86.Build.0 = Debug|Any CPU
		{1C812963-CF58-4856-A7DE-7AAAC937D5EF}.Release|Any CPU.ActiveCfg = Release|Any CPU
		{1C812963-CF58-4856-A7DE-7AAAC937D5EF}.Release|Any CPU.Build.0 = Release|Any CPU
		{1C812963-CF58-4856-A7DE-7AAAC937D5EF}.Release|x86.ActiveCfg = Release|Any CPU
		{1C812963-CF58-4856-A7DE-7AAAC937D5EF}.Release|x86.Build.0 = Release|Any CPU
		{0D5415E2-7899-4E11-A6C8-D8BE5755D528}.Debug|Any CPU.ActiveCfg = Debug|Any CPU
		{0D5415E2-7899-4E11-A6C8-D8BE5755D528}.Debug|Any CPU.Build.0 = Debug|Any CPU
		{0D5415E2-7899-4E11-A6C8-D8BE5755D528}.Debug|x86.ActiveCfg = Debug|Any CPU
		{0D5415E2-7899-4E11-A6C8-D8BE5755D528}.Debug|x86.Build.0 = Debug|Any CPU
		{0D5415E2-7899-4E11-A6C8-D8BE5755D528}.Release|Any CPU.ActiveCfg = Release|Any CPU
		{0D5415E2-7899-4E11-A6C8-D8BE5755D528}.Release|Any CPU.Build.0 = Release|Any CPU
		{0D5415E2-7899-4E11-A6C8-D8BE5755D528}.Release|x86.ActiveCfg = Release|Any CPU
		{0D5415E2-7899-4E11-A6C8-D8BE5755D528}.Release|x86.Build.0 = Release|Any CPU
		{AEBE2E9E-9602-4292-B125-132C4247355C}.Debug|Any CPU.ActiveCfg = Debug
		{AEBE2E9E-9602-4292-B125-132C4247355C}.Debug|x86.ActiveCfg = Debug
		{AEBE2E9E-9602-4292-B125-132C4247355C}.Release|Any CPU.ActiveCfg = Release
		{AEBE2E9E-9602-4292-B125-132C4247355C}.Release|x86.ActiveCfg = Release
	EndGlobalSection
	GlobalSection(SolutionProperties) = preSolution
		HideSolutionNode = FALSE
	EndGlobalSection
	GlobalSection(NestedProjects) = preSolution
		{7926FA2A-BF81-4F21-95BB-080C241E486A} = {DC095FA7-2A4D-4457-BD9D-315CC5745A8A}
		{A20D3989-7063-41BC-873C-CD01138F12A8} = {78AE0017-D3D2-4844-B4E2-57FD0849BA3E}
		{DF06E814-EC45-4145-A32F-B7992FA6D9DF} = {4C9A9DD0-3808-4D1A-AA44-F8F7A42560F0}
		{EBBF7197-A676-42FE-83D5-449F0BF5FEC4} = {4C9A9DD0-3808-4D1A-AA44-F8F7A42560F0}
		{436A0858-2A35-47E7-8004-11060F36C590} = {4C9A9DD0-3808-4D1A-AA44-F8F7A42560F0}
		{75944DC2-980E-4AD0-84C5-4F8F960BF933} = {78AE0017-D3D2-4844-B4E2-57FD0849BA3E}
		{5011F760-8C0D-4CC4-99A1-3840ED254DE5} = {DC095FA7-2A4D-4457-BD9D-315CC5745A8A}
		{1C812963-CF58-4856-A7DE-7AAAC937D5EF} = {78AE0017-D3D2-4844-B4E2-57FD0849BA3E}
		{0D5415E2-7899-4E11-A6C8-D8BE5755D528} = {DC095FA7-2A4D-4457-BD9D-315CC5745A8A}
		{AEBE2E9E-9602-4292-B125-132C4247355C} = {527BA0BD-0C9F-4205-8AE6-53E4EEF59B5E}
	EndGlobalSection
	GlobalSection(ExtensibilityGlobals) = postSolution
		SolutionGuid = {74E9DB63-7A83-4AD0-BE47-059F353216BD}
	EndGlobalSection
EndGlobal
