
Microsoft Visual Studio Solution File, Format Version 12.00
# Visual Studio Version 17
VisualStudioVersion = 17.10.34916.146
MinimumVisualStudioVersion = 10.0.40219.1
Project("{2150E333-8FDC-42A3-9474-1A3956D46DE8}") = "Front", "Front", "{DC095FA7-2A4D-4457-BD9D-315CC5745A8A}"
EndProject
Project("{2150E333-8FDC-42A3-9474-1A3956D46DE8}") = "Core", "Core", "{78AE0017-D3D2-4844-B4E2-57FD0849BA3E}"
EndProject
Project("{9A19103F-16F7-4668-BE54-9A1E7A4F7556}") = "PlaziatTools", "Core\PlaziatTools\PlaziatTools.csproj", "{A20D3989-7063-41BC-873C-CD01138F12A8}"
EndProject
Project("{9A19103F-16F7-4668-BE54-9A1E7A4F7556}") = "MageekCore", "Core\MageekCore\MageekCore.csproj", "{DF06E814-EC45-4145-A32F-B7992FA6D9DF}"
EndProject
Project("{9A19103F-16F7-4668-BE54-9A1E7A4F7556}") = "MageekServer", "Core\MageekServer\MageekServer.csproj", "{EBBF7197-A676-42FE-83D5-449F0BF5FEC4}"
EndProject
Project("{9A19103F-16F7-4668-BE54-9A1E7A4F7556}") = "MageekClient", "Core\MageekClient\MageekClient.csproj", "{436A0858-2A35-47E7-8004-11060F36C590}"
EndProject
Project("{2150E333-8FDC-42A3-9474-1A3956D46DE8}") = "Back", "Back", "{4C9A9DD0-3808-4D1A-AA44-F8F7A42560F0}"
EndProject
Project("{9A19103F-16F7-4668-BE54-9A1E7A4F7556}") = "PlaziatIdentity", "Core\PlaziatIdentity\PlaziatIdentity.csproj", "{1C812963-CF58-4856-A7DE-7AAAC937D5EF}"
EndProject
Project("{9A19103F-16F7-4668-BE54-9A1E7A4F7556}") = "PlaziatWpf", "Core\PlaziatWpf\PlaziatWpf.csproj", "{6AA61C67-3D95-46FE-9400-31333D77E121}"
EndProject
Project("{9A19103F-16F7-4668-BE54-9A1E7A4F7556}") = "MageekDesktopClient", "Apps\MageekDesktopClient\MageekDesktopClient.csproj", "{0B05982C-61F9-4F35-AE1D-05609C33F5F4}"
EndProject
Project("{9A19103F-16F7-4668-BE54-9A1E7A4F7556}") = "MageekDesktopServer", "Apps\MageekDesktopServer\MageekDesktopServer.csproj", "{C9E5EAD7-1AEE-4310-A0B4-AAC30BBEC4D5}"
EndProject
Global
	GlobalSection(SolutionConfigurationPlatforms) = preSolution
		Debug|Any CPU = Debug|Any CPU
		Release|Any CPU = Release|Any CPU
	EndGlobalSection
	GlobalSection(ProjectConfigurationPlatforms) = postSolution
		{A20D3989-7063-41BC-873C-CD01138F12A8}.Debug|Any CPU.ActiveCfg = Debug|Any CPU
		{A20D3989-7063-41BC-873C-CD01138F12A8}.Debug|Any CPU.Build.0 = Debug|Any CPU
		{A20D3989-7063-41BC-873C-CD01138F12A8}.Release|Any CPU.ActiveCfg = Release|Any CPU
		{A20D3989-7063-41BC-873C-CD01138F12A8}.Release|Any CPU.Build.0 = Release|Any CPU
		{DF06E814-EC45-4145-A32F-B7992FA6D9DF}.Debug|Any CPU.ActiveCfg = Debug|Any CPU
		{DF06E814-EC45-4145-A32F-B7992FA6D9DF}.Debug|Any CPU.Build.0 = Debug|Any CPU
		{DF06E814-EC45-4145-A32F-B7992FA6D9DF}.Release|Any CPU.ActiveCfg = Release|Any CPU
		{DF06E814-EC45-4145-A32F-B7992FA6D9DF}.Release|Any CPU.Build.0 = Release|Any CPU
		{EBBF7197-A676-42FE-83D5-449F0BF5FEC4}.Debug|Any CPU.ActiveCfg = Debug|Any CPU
		{EBBF7197-A676-42FE-83D5-449F0BF5FEC4}.Debug|Any CPU.Build.0 = Debug|Any CPU
		{EBBF7197-A676-42FE-83D5-449F0BF5FEC4}.Release|Any CPU.ActiveCfg = Release|Any CPU
		{EBBF7197-A676-42FE-83D5-449F0BF5FEC4}.Release|Any CPU.Build.0 = Release|Any CPU
		{436A0858-2A35-47E7-8004-11060F36C590}.Debug|Any CPU.ActiveCfg = Debug|Any CPU
		{436A0858-2A35-47E7-8004-11060F36C590}.Debug|Any CPU.Build.0 = Debug|Any CPU
		{436A0858-2A35-47E7-8004-11060F36C590}.Release|Any CPU.ActiveCfg = Release|Any CPU
		{436A0858-2A35-47E7-8004-11060F36C590}.Release|Any CPU.Build.0 = Release|Any CPU
		{1C812963-CF58-4856-A7DE-7AAAC937D5EF}.Debug|Any CPU.ActiveCfg = Debug|Any CPU
		{1C812963-CF58-4856-A7DE-7AAAC937D5EF}.Debug|Any CPU.Build.0 = Debug|Any CPU
		{1C812963-CF58-4856-A7DE-7AAAC937D5EF}.Release|Any CPU.ActiveCfg = Release|Any CPU
		{1C812963-CF58-4856-A7DE-7AAAC937D5EF}.Release|Any CPU.Build.0 = Release|Any CPU
		{6AA61C67-3D95-46FE-9400-31333D77E121}.Debug|Any CPU.ActiveCfg = Debug|Any CPU
		{6AA61C67-3D95-46FE-9400-31333D77E121}.Debug|Any CPU.Build.0 = Debug|Any CPU
		{6AA61C67-3D95-46FE-9400-31333D77E121}.Release|Any CPU.ActiveCfg = Release|Any CPU
		{6AA61C67-3D95-46FE-9400-31333D77E121}.Release|Any CPU.Build.0 = Release|Any CPU
		{0B05982C-61F9-4F35-AE1D-05609C33F5F4}.Debug|Any CPU.ActiveCfg = Debug|Any CPU
		{0B05982C-61F9-4F35-AE1D-05609C33F5F4}.Debug|Any CPU.Build.0 = Debug|Any CPU
		{0B05982C-61F9-4F35-AE1D-05609C33F5F4}.Release|Any CPU.ActiveCfg = Release|Any CPU
		{0B05982C-61F9-4F35-AE1D-05609C33F5F4}.Release|Any CPU.Build.0 = Release|Any CPU
		{C9E5EAD7-1AEE-4310-A0B4-AAC30BBEC4D5}.Debug|Any CPU.ActiveCfg = Debug|Any CPU
		{C9E5EAD7-1AEE-4310-A0B4-AAC30BBEC4D5}.Debug|Any CPU.Build.0 = Debug|Any CPU
		{C9E5EAD7-1AEE-4310-A0B4-AAC30BBEC4D5}.Release|Any CPU.ActiveCfg = Release|Any CPU
		{C9E5EAD7-1AEE-4310-A0B4-AAC30BBEC4D5}.Release|Any CPU.Build.0 = Release|Any CPU
	EndGlobalSection
	GlobalSection(SolutionProperties) = preSolution
		HideSolutionNode = FALSE
	EndGlobalSection
	GlobalSection(NestedProjects) = preSolution
		{A20D3989-7063-41BC-873C-CD01138F12A8} = {78AE0017-D3D2-4844-B4E2-57FD0849BA3E}
		{DF06E814-EC45-4145-A32F-B7992FA6D9DF} = {4C9A9DD0-3808-4D1A-AA44-F8F7A42560F0}
		{EBBF7197-A676-42FE-83D5-449F0BF5FEC4} = {4C9A9DD0-3808-4D1A-AA44-F8F7A42560F0}
		{436A0858-2A35-47E7-8004-11060F36C590} = {4C9A9DD0-3808-4D1A-AA44-F8F7A42560F0}
		{1C812963-CF58-4856-A7DE-7AAAC937D5EF} = {78AE0017-D3D2-4844-B4E2-57FD0849BA3E}
		{6AA61C67-3D95-46FE-9400-31333D77E121} = {78AE0017-D3D2-4844-B4E2-57FD0849BA3E}
		{0B05982C-61F9-4F35-AE1D-05609C33F5F4} = {DC095FA7-2A4D-4457-BD9D-315CC5745A8A}
		{C9E5EAD7-1AEE-4310-A0B4-AAC30BBEC4D5} = {DC095FA7-2A4D-4457-BD9D-315CC5745A8A}
	EndGlobalSection
	GlobalSection(ExtensibilityGlobals) = postSolution
		SolutionGuid = {74E9DB63-7A83-4AD0-BE47-059F353216BD}
	EndGlobalSection
EndGlobal
